// !$*UTF8*$!
{
	archiveVersion = 1;
	classes = {
	};
	objectVersion = 50;
	objects = {

/* Begin PBXBuildFile section */
		3C11F197219570130026BAA4 /* TimeOfUseViewController.swift in Sources */ = {isa = PBXBuildFile; fileRef = 3C11F196219570130026BAA4 /* TimeOfUseViewController.swift */; };
		3C11F199219570B30026BAA4 /* TieredViewController.swift in Sources */ = {isa = PBXBuildFile; fileRef = 3C11F198219570B30026BAA4 /* TieredViewController.swift */; };
		3C87E1BD2194A6B500BE5000 /* AppDelegate.swift in Sources */ = {isa = PBXBuildFile; fileRef = 3C87E1BC2194A6B500BE5000 /* AppDelegate.swift */; };
		3C87E1BF2194A6B500BE5000 /* LoginViewController.swift in Sources */ = {isa = PBXBuildFile; fileRef = 3C87E1BE2194A6B500BE5000 /* LoginViewController.swift */; };
		3C87E1C22194A6B500BE5000 /* Main.storyboard in Resources */ = {isa = PBXBuildFile; fileRef = 3C87E1C02194A6B500BE5000 /* Main.storyboard */; };
		3C87E1C42194A6B800BE5000 /* Assets.xcassets in Resources */ = {isa = PBXBuildFile; fileRef = 3C87E1C32194A6B800BE5000 /* Assets.xcassets */; };
		3C87E1C72194A6B800BE5000 /* LaunchScreen.storyboard in Resources */ = {isa = PBXBuildFile; fileRef = 3C87E1C52194A6B800BE5000 /* LaunchScreen.storyboard */; };
		3C87E1CF2194A73200BE5000 /* BillCalculator.plist in Resources */ = {isa = PBXBuildFile; fileRef = 3C87E1CE2194A73200BE5000 /* BillCalculator.plist */; };
		3C87E1D92194B36B00BE5000 /* LauncherViewController.swift in Sources */ = {isa = PBXBuildFile; fileRef = 3C87E1D82194B36B00BE5000 /* LauncherViewController.swift */; };
		3C87E1DB2194BF6600BE5000 /* CalculatorViewController.swift in Sources */ = {isa = PBXBuildFile; fileRef = 3C87E1DA2194BF6600BE5000 /* CalculatorViewController.swift */; };
		3C87E1DD21950CE800BE5000 /* ElectricityBill.swift in Sources */ = {isa = PBXBuildFile; fileRef = 3C87E1DC21950CE800BE5000 /* ElectricityBill.swift */; };
/* End PBXBuildFile section */

/* Begin PBXFileReference section */
		3C11F196219570130026BAA4 /* TimeOfUseViewController.swift */ = {isa = PBXFileReference; lastKnownFileType = sourcecode.swift; path = TimeOfUseViewController.swift; sourceTree = "<group>"; };
		3C11F198219570B30026BAA4 /* TieredViewController.swift */ = {isa = PBXFileReference; lastKnownFileType = sourcecode.swift; path = TieredViewController.swift; sourceTree = "<group>"; };
		3C87E1B92194A6B500BE5000 /* C0744277_MAD3115_MidTerm.app */ = {isa = PBXFileReference; explicitFileType = wrapper.application; includeInIndex = 0; path = C0744277_MAD3115_MidTerm.app; sourceTree = BUILT_PRODUCTS_DIR; };
		3C87E1BC2194A6B500BE5000 /* AppDelegate.swift */ = {isa = PBXFileReference; lastKnownFileType = sourcecode.swift; path = AppDelegate.swift; sourceTree = "<group>"; };
		3C87E1BE2194A6B500BE5000 /* LoginViewController.swift */ = {isa = PBXFileReference; lastKnownFileType = sourcecode.swift; path = LoginViewController.swift; sourceTree = "<group>"; };
		3C87E1C12194A6B500BE5000 /* Base */ = {isa = PBXFileReference; lastKnownFileType = file.storyboard; name = Base; path = Base.lproj/Main.storyboard; sourceTree = "<group>"; };
		3C87E1C32194A6B800BE5000 /* Assets.xcassets */ = {isa = PBXFileReference; lastKnownFileType = folder.assetcatalog; path = Assets.xcassets; sourceTree = "<group>"; };
		3C87E1C62194A6B800BE5000 /* Base */ = {isa = PBXFileReference; lastKnownFileType = file.storyboard; name = Base; path = Base.lproj/LaunchScreen.storyboard; sourceTree = "<group>"; };
		3C87E1C82194A6B800BE5000 /* Info.plist */ = {isa = PBXFileReference; lastKnownFileType = text.plist.xml; path = Info.plist; sourceTree = "<group>"; };
		3C87E1CE2194A73200BE5000 /* BillCalculator.plist */ = {isa = PBXFileReference; lastKnownFileType = text.plist.xml; path = BillCalculator.plist; sourceTree = "<group>"; };
		3C87E1D82194B36B00BE5000 /* LauncherViewController.swift */ = {isa = PBXFileReference; lastKnownFileType = sourcecode.swift; path = LauncherViewController.swift; sourceTree = "<group>"; };
		3C87E1DA2194BF6600BE5000 /* CalculatorViewController.swift */ = {isa = PBXFileReference; lastKnownFileType = sourcecode.swift; path = CalculatorViewController.swift; sourceTree = "<group>"; };
		3C87E1DC21950CE800BE5000 /* ElectricityBill.swift */ = {isa = PBXFileReference; lastKnownFileType = sourcecode.swift; path = ElectricityBill.swift; sourceTree = "<group>"; };
/* End PBXFileReference section */

/* Begin PBXFrameworksBuildPhase section */
		3C87E1B62194A6B500BE5000 /* Frameworks */ = {
			isa = PBXFrameworksBuildPhase;
			buildActionMask = 2147483647;
			files = (
			);
			runOnlyForDeploymentPostprocessing = 0;
		};
/* End PBXFrameworksBuildPhase section */

/* Begin PBXGroup section */
		3C87E1B02194A6B500BE5000 = {
			isa = PBXGroup;
			children = (
				3C87E1BB2194A6B500BE5000 /* C0744277_MAD3115_MidTerm */,
				3C87E1BA2194A6B500BE5000 /* Products */,
			);
			sourceTree = "<group>";
		};
		3C87E1BA2194A6B500BE5000 /* Products */ = {
			isa = PBXGroup;
			children = (
				3C87E1B92194A6B500BE5000 /* C0744277_MAD3115_MidTerm.app */,
			);
			name = Products;
			sourceTree = "<group>";
		};
		3C87E1BB2194A6B500BE5000 /* C0744277_MAD3115_MidTerm */ = {
			isa = PBXGroup;
			children = (
				3C87E1BC2194A6B500BE5000 /* AppDelegate.swift */,
				3C87E1BE2194A6B500BE5000 /* LoginViewController.swift */,
				3C87E1C02194A6B500BE5000 /* Main.storyboard */,
				3C87E1C32194A6B800BE5000 /* Assets.xcassets */,
				3C87E1C52194A6B800BE5000 /* LaunchScreen.storyboard */,
				3C87E1C82194A6B800BE5000 /* Info.plist */,
				3C87E1CE2194A73200BE5000 /* BillCalculator.plist */,
				3C87E1D82194B36B00BE5000 /* LauncherViewController.swift */,
				3C87E1DA2194BF6600BE5000 /* CalculatorViewController.swift */,
				3C87E1DC21950CE800BE5000 /* ElectricityBill.swift */,
				3C11F196219570130026BAA4 /* TimeOfUseViewController.swift */,
				3C11F198219570B30026BAA4 /* TieredViewController.swift */,
			);
			path = C0744277_MAD3115_MidTerm;
			sourceTree = "<group>";
		};
/* End PBXGroup section */

/* Begin PBXNativeTarget section */
		3C87E1B82194A6B500BE5000 /* C0744277_MAD3115_MidTerm */ = {
			isa = PBXNativeTarget;
			buildConfigurationList = 3C87E1CB2194A6B800BE5000 /* Build configuration list for PBXNativeTarget "C0744277_MAD3115_MidTerm" */;
			buildPhases = (
				3C87E1B52194A6B500BE5000 /* Sources */,
				3C87E1B62194A6B500BE5000 /* Frameworks */,
				3C87E1B72194A6B500BE5000 /* Resources */,
			);
			buildRules = (
			);
			dependencies = (
			);
			name = C0744277_MAD3115_MidTerm;
			productName = C0744277_MAD3115_MidTerm;
			productReference = 3C87E1B92194A6B500BE5000 /* C0744277_MAD3115_MidTerm.app */;
			productType = "com.apple.product-type.application";
		};
/* End PBXNativeTarget section */

/* Begin PBXProject section */
		3C87E1B12194A6B500BE5000 /* Project object */ = {
			isa = PBXProject;
			attributes = {
				LastSwiftUpdateCheck = 1010;
				LastUpgradeCheck = 1010;
				ORGANIZATIONNAME = "Giselle Tavares";
				TargetAttributes = {
					3C87E1B82194A6B500BE5000 = {
						CreatedOnToolsVersion = 10.1;
					};
				};
			};
			buildConfigurationList = 3C87E1B42194A6B500BE5000 /* Build configuration list for PBXProject "C0744277_MAD3115_MidTerm" */;
			compatibilityVersion = "Xcode 9.3";
			developmentRegion = en;
			hasScannedForEncodings = 0;
			knownRegions = (
				en,
				Base,
			);
			mainGroup = 3C87E1B02194A6B500BE5000;
			productRefGroup = 3C87E1BA2194A6B500BE5000 /* Products */;
			projectDirPath = "";
			projectRoot = "";
			targets = (
				3C87E1B82194A6B500BE5000 /* C0744277_MAD3115_MidTerm */,
			);
		};
/* End PBXProject section */

/* Begin PBXResourcesBuildPhase section */
		3C87E1B72194A6B500BE5000 /* Resources */ = {
			isa = PBXResourcesBuildPhase;
			buildActionMask = 2147483647;
			files = (
				3C87E1C72194A6B800BE5000 /* LaunchScreen.storyboard in Resources */,
				3C87E1C42194A6B800BE5000 /* Assets.xcassets in Resources */,
				3C87E1C22194A6B500BE5000 /* Main.storyboard in Resources */,
				3C87E1CF2194A73200BE5000 /* BillCalculator.plist in Resources */,
			);
			runOnlyForDeploymentPostprocessing = 0;
		};
/* End PBXResourcesBuildPhase section */

/* Begin PBXSourcesBuildPhase section */
		3C87E1B52194A6B500BE5000 /* Sources */ = {
			isa = PBXSourcesBuildPhase;
			buildActionMask = 2147483647;
			files = (
				3C11F197219570130026BAA4 /* TimeOfUseViewController.swift in Sources */,
				3C87E1BF2194A6B500BE5000 /* LoginViewController.swift in Sources */,
				3C11F199219570B30026BAA4 /* TieredViewController.swift in Sources */,
				3C87E1DD21950CE800BE5000 /* ElectricityBill.swift in Sources */,
				3C87E1D92194B36B00BE5000 /* LauncherViewController.swift in Sources */,
				3C87E1DB2194BF6600BE5000 /* CalculatorViewController.swift in Sources */,
				3C87E1BD2194A6B500BE5000 /* AppDelegate.swift in Sources */,
			);
			runOnlyForDeploymentPostprocessing = 0;
		};
/* End PBXSourcesBuildPhase section */

/* Begin PBXVariantGroup section */
		3C87E1C02194A6B500BE5000 /* Main.storyboard */ = {
			isa = PBXVariantGroup;
			children = (
				3C87E1C12194A6B500BE5000 /* Base */,
			);
			name = Main.storyboard;
			sourceTree = "<group>";
		};
		3C87E1C52194A6B800BE5000 /* LaunchScreen.storyboard */ = {
			isa = PBXVariantGroup;
			children = (
				3C87E1C62194A6B800BE5000 /* Base */,
			);
			name = LaunchScreen.storyboard;
			sourceTree = "<group>";
		};
/* End PBXVariantGroup section */

/* Begin XCBuildConfiguration section */
		3C87E1C92194A6B800BE5000 /* Debug */ = {
			isa = XCBuildConfiguration;
			buildSettings = {
				ALWAYS_SEARCH_USER_PATHS = NO;
				CLANG_ANALYZER_NONNULL = YES;
				CLANG_ANALYZER_NUMBER_OBJECT_CONVERSION = YES_AGGRESSIVE;
				CLANG_CXX_LANGUAGE_STANDARD = "gnu++14";
				CLANG_CXX_LIBRARY = "libc++";
				CLANG_ENABLE_MODULES = YES;
				CLANG_ENABLE_OBJC_ARC = YES;
				CLANG_ENABLE_OBJC_WEAK = YES;
				CLANG_WARN_BLOCK_CAPTURE_AUTORELEASING = YES;
				CLANG_WARN_BOOL_CONVERSION = YES;
				CLANG_WARN_COMMA = YES;
				CLANG_WARN_CONSTANT_CONVERSION = YES;
				CLANG_WARN_DEPRECATED_OBJC_IMPLEMENTATIONS = YES;
				CLANG_WARN_DIRECT_OBJC_ISA_USAGE = YES_ERROR;
				CLANG_WARN_DOCUMENTATION_COMMENTS = YES;
				CLANG_WARN_EMPTY_BODY = YES;
				CLANG_WARN_ENUM_CONVERSION = YES;
				CLANG_WARN_INFINITE_RECURSION = YES;
				CLANG_WARN_INT_CONVERSION = YES;
				CLANG_WARN_NON_LITERAL_NULL_CONVERSION = YES;
				CLANG_WARN_OBJC_IMPLICIT_RETAIN_SELF = YES;
				CLANG_WARN_OBJC_LITERAL_CONVERSION = YES;
				CLANG_WARN_OBJC_ROOT_CLASS = YES_ERROR;
				CLANG_WARN_RANGE_LOOP_ANALYSIS = YES;
				CLANG_WARN_STRICT_PROTOTYPES = YES;
				CLANG_WARN_SUSPICIOUS_MOVE = YES;
				CLANG_WARN_UNGUARDED_AVAILABILITY = YES_AGGRESSIVE;
				CLANG_WARN_UNREACHABLE_CODE = YES;
				CLANG_WARN__DUPLICATE_METHOD_MATCH = YES;
				CODE_SIGN_IDENTITY = "iPhone Developer";
				COPY_PHASE_STRIP = NO;
				DEBUG_INFORMATION_FORMAT = dwarf;
				ENABLE_STRICT_OBJC_MSGSEND = YES;
				ENABLE_TESTABILITY = YES;
				GCC_C_LANGUAGE_STANDARD = gnu11;
				GCC_DYNAMIC_NO_PIC = NO;
				GCC_NO_COMMON_BLOCKS = YES;
				GCC_OPTIMIZATION_LEVEL = 0;
				GCC_PREPROCESSOR_DEFINITIONS = (
					"DEBUG=1",
					"$(inherited)",
				);
				GCC_WARN_64_TO_32_BIT_CONVERSION = YES;
				GCC_WARN_ABOUT_RETURN_TYPE = YES_ERROR;
				GCC_WARN_UNDECLARED_SELECTOR = YES;
				GCC_WARN_UNINITIALIZED_AUTOS = YES_AGGRESSIVE;
				GCC_WARN_UNUSED_FUNCTION = YES;
				GCC_WARN_UNUSED_VARIABLE = YES;
				IPHONEOS_DEPLOYMENT_TARGET = 12.1;
				MTL_ENABLE_DEBUG_INFO = INCLUDE_SOURCE;
				MTL_FAST_MATH = YES;
				ONLY_ACTIVE_ARCH = YES;
				SDKROOT = iphoneos;
				SWIFT_ACTIVE_COMPILATION_CONDITIONS = DEBUG;
				SWIFT_OPTIMIZATION_LEVEL = "-Onone";
			};
			name = Debug;
		};
		3C87E1CA2194A6B800BE5000 /* Release */ = {
			isa = XCBuildConfiguration;
			buildSettings = {
				ALWAYS_SEARCH_USER_PATHS = NO;
				CLANG_ANALYZER_NONNULL = YES;
				CLANG_ANALYZER_NUMBER_OBJECT_CONVERSION = YES_AGGRESSIVE;
				CLANG_CXX_LANGUAGE_STANDARD = "gnu++14";
				CLANG_CXX_LIBRARY = "libc++";
				CLANG_ENABLE_MODULES = YES;
				CLANG_ENABLE_OBJC_ARC = YES;
				CLANG_ENABLE_OBJC_WEAK = YES;
				CLANG_WARN_BLOCK_CAPTURE_AUTORELEASING = YES;
				CLANG_WARN_BOOL_CONVERSION = YES;
				CLANG_WARN_COMMA = YES;
				CLANG_WARN_CONSTANT_CONVERSION = YES;
				CLANG_WARN_DEPRECATED_OBJC_IMPLEMENTATIONS = YES;
				CLANG_WARN_DIRECT_OBJC_ISA_USAGE = YES_ERROR;
				CLANG_WARN_DOCUMENTATION_COMMENTS = YES;
				CLANG_WARN_EMPTY_BODY = YES;
				CLANG_WARN_ENUM_CONVERSION = YES;
				CLANG_WARN_INFINITE_RECURSION = YES;
				CLANG_WARN_INT_CONVERSION = YES;
				CLANG_WARN_NON_LITERAL_NULL_CONVERSION = YES;
				CLANG_WARN_OBJC_IMPLICIT_RETAIN_SELF = YES;
				CLANG_WARN_OBJC_LITERAL_CONVERSION = YES;
				CLANG_WARN_OBJC_ROOT_CLASS = YES_ERROR;
				CLANG_WARN_RANGE_LOOP_ANALYSIS = YES;
				CLANG_WARN_STRICT_PROTOTYPES = YES;
				CLANG_WARN_SUSPICIOUS_MOVE = YES;
				CLANG_WARN_UNGUARDED_AVAILABILITY = YES_AGGRESSIVE;
				CLANG_WARN_UNREACHABLE_CODE = YES;
				CLANG_WARN__DUPLICATE_METHOD_MATCH = YES;
				CODE_SIGN_IDENTITY = "iPhone Developer";
				COPY_PHASE_STRIP = NO;
				DEBUG_INFORMATION_FORMAT = "dwarf-with-dsym";
				ENABLE_NS_ASSERTIONS = NO;
				ENABLE_STRICT_OBJC_MSGSEND = YES;
				GCC_C_LANGUAGE_STANDARD = gnu11;
				GCC_NO_COMMON_BLOCKS = YES;
				GCC_WARN_64_TO_32_BIT_CONVERSION = YES;
				GCC_WARN_ABOUT_RETURN_TYPE = YES_ERROR;
				GCC_WARN_UNDECLARED_SELECTOR = YES;
				GCC_WARN_UNINITIALIZED_AUTOS = YES_AGGRESSIVE;
				GCC_WARN_UNUSED_FUNCTION = YES;
				GCC_WARN_UNUSED_VARIABLE = YES;
				IPHONEOS_DEPLOYMENT_TARGET = 12.1;
				MTL_ENABLE_DEBUG_INFO = NO;
				MTL_FAST_MATH = YES;
				SDKROOT = iphoneos;
				SWIFT_COMPILATION_MODE = wholemodule;
				SWIFT_OPTIMIZATION_LEVEL = "-O";
				VALIDATE_PRODUCT = YES;
			};
			name = Release;
		};
		3C87E1CC2194A6B800BE5000 /* Debug */ = {
			isa = XCBuildConfiguration;
			buildSettings = {
				ASSETCATALOG_COMPILER_APPICON_NAME = AppIcon;
				CODE_SIGN_STYLE = Automatic;
				DEVELOPMENT_TEAM = 9YGPLVL77V;
				INFOPLIST_FILE = C0744277_MAD3115_MidTerm/Info.plist;
				LD_RUNPATH_SEARCH_PATHS = (
					"$(inherited)",
					"@executable_path/Frameworks",
				);
				PRODUCT_BUNDLE_IDENTIFIER = "com.giselletavares.C0744277-MAD3115-MidTerm";
				PRODUCT_NAME = "$(TARGET_NAME)";
				SWIFT_VERSION = 4.2;
				TARGETED_DEVICE_FAMILY = "1,2";
			};
			name = Debug;
		};
		3C87E1CD2194A6B800BE5000 /* Release */ = {
			isa = XCBuildConfiguration;
			buildSettings = {
				ASSETCATALOG_COMPILER_APPICON_NAME = AppIcon;
				CODE_SIGN_STYLE = Automatic;
				DEVELOPMENT_TEAM = 9YGPLVL77V;
				INFOPLIST_FILE = C0744277_MAD3115_MidTerm/Info.plist;
				LD_RUNPATH_SEARCH_PATHS = (
					"$(inherited)",
					"@executable_path/Frameworks",
				);
				PRODUCT_BUNDLE_IDENTIFIER = "com.giselletavares.C0744277-MAD3115-MidTerm";
				PRODUCT_NAME = "$(TARGET_NAME)";
				SWIFT_VERSION = 4.2;
				TARGETED_DEVICE_FAMILY = "1,2";
			};
			name = Release;
		};
/* End XCBuildConfiguration section */

/* Begin XCConfigurationList section */
		3C87E1B42194A6B500BE5000 /* Build configuration list for PBXProject "C0744277_MAD3115_MidTerm" */ = {
			isa = XCConfigurationList;
			buildConfigurations = (
				3C87E1C92194A6B800BE5000 /* Debug */,
				3C87E1CA2194A6B800BE5000 /* Release */,
			);
			defaultConfigurationIsVisible = 0;
			defaultConfigurationName = Release;
		};
		3C87E1CB2194A6B800BE5000 /* Build configuration list for PBXNativeTarget "C0744277_MAD3115_MidTerm" */ = {
			isa = XCConfigurationList;
			buildConfigurations = (
				3C87E1CC2194A6B800BE5000 /* Debug */,
				3C87E1CD2194A6B800BE5000 /* Release */,
			);
			defaultConfigurationIsVisible = 0;
			defaultConfigurationName = Release;
		};
/* End XCConfigurationList section */
	};
	rootObject = 3C87E1B12194A6B500BE5000 /* Project object */;
}
